
Microsoft Visual Studio Solution File, Format Version 12.00
# Visual Studio Version 16
VisualStudioVersion = 16.0.29418.71
MinimumVisualStudioVersion = 10.0.40219.1
Project("{FAE04EC0-301F-11D3-BF4B-00C04F79EFBC}") = "CajaDeAhorro", "CajaDeAhorro\CajaDeAhorro.csproj", "{E66C8286-8582-46DB-BFBC-2BBF790271C8}"
EndProject
Global
	GlobalSection(SolutionConfigurationPlatforms) = preSolution
		Debug|Any CPU = Debug|Any CPU
		Release|Any CPU = Release|Any CPU
	EndGlobalSection
	GlobalSection(ProjectConfigurationPlatforms) = postSolution
		{E66C8286-8582-46DB-BFBC-2BBF790271C8}.Debug|Any CPU.ActiveCfg = Debug|Any CPU
		{E66C8286-8582-46DB-BFBC-2BBF790271C8}.Debug|Any CPU.Build.0 = Debug|Any CPU
		{E66C8286-8582-46DB-BFBC-2BBF790271C8}.Release|Any CPU.ActiveCfg = Release|Any CPU
		{E66C8286-8582-46DB-BFBC-2BBF790271C8}.Release|Any CPU.Build.0 = Release|Any CPU
	EndGlobalSection
	GlobalSection(SolutionProperties) = preSolution
		HideSolutionNode = FALSE
	EndGlobalSection
	GlobalSection(ExtensibilityGlobals) = postSolution
		SolutionGuid = {E1A6DC76-E051-4B7B-A88C-B14007CEBDAA}
	EndGlobalSection
EndGlobal
